// !$*UTF8*$!
{
	archiveVersion = 1;
	classes = {
	};
	objectVersion = 56;
	objects = {

/* Begin PBXBuildFile section */
		AC4144F92AFAF3D4007D6EED /* AppDelegate.swift in Sources */ = {isa = PBXBuildFile; fileRef = AC4144F82AFAF3D4007D6EED /* AppDelegate.swift */; };
		AC4144FB2AFAF3D4007D6EED /* SceneDelegate.swift in Sources */ = {isa = PBXBuildFile; fileRef = AC4144FA2AFAF3D4007D6EED /* SceneDelegate.swift */; };
		AC4144FD2AFAF3D4007D6EED /* ViewController.swift in Sources */ = {isa = PBXBuildFile; fileRef = AC4144FC2AFAF3D4007D6EED /* ViewController.swift */; };
		AC4145002AFAF3D5007D6EED /* Main.storyboard in Resources */ = {isa = PBXBuildFile; fileRef = AC4144FE2AFAF3D5007D6EED /* Main.storyboard */; };
		AC4145022AFAF3D7007D6EED /* Assets.xcassets in Resources */ = {isa = PBXBuildFile; fileRef = AC4145012AFAF3D7007D6EED /* Assets.xcassets */; };
		AC4145052AFAF3D7007D6EED /* LaunchScreen.storyboard in Resources */ = {isa = PBXBuildFile; fileRef = AC4145032AFAF3D7007D6EED /* LaunchScreen.storyboard */; };
		AC4145122AFB0899007D6EED /* WebKit.framework in Frameworks */ = {isa = PBXBuildFile; fileRef = AC4145112AFB0898007D6EED /* WebKit.framework */; };
		AC4145142AFB0C0F007D6EED /* WebViewController.swift in Sources */ = {isa = PBXBuildFile; fileRef = AC4145132AFB0C0F007D6EED /* WebViewController.swift */; };
/* End PBXBuildFile section */

/* Begin PBXFileReference section */
		AC4144F52AFAF3D4007D6EED /* Vitor_RM84808.app */ = {isa = PBXFileReference; explicitFileType = wrapper.application; includeInIndex = 0; path = Vitor_RM84808.app; sourceTree = BUILT_PRODUCTS_DIR; };
		AC4144F82AFAF3D4007D6EED /* AppDelegate.swift */ = {isa = PBXFileReference; lastKnownFileType = sourcecode.swift; path = AppDelegate.swift; sourceTree = "<group>"; };
		AC4144FA2AFAF3D4007D6EED /* SceneDelegate.swift */ = {isa = PBXFileReference; lastKnownFileType = sourcecode.swift; path = SceneDelegate.swift; sourceTree = "<group>"; };
		AC4144FC2AFAF3D4007D6EED /* ViewController.swift */ = {isa = PBXFileReference; lastKnownFileType = sourcecode.swift; path = ViewController.swift; sourceTree = "<group>"; };
		AC4144FF2AFAF3D5007D6EED /* Base */ = {isa = PBXFileReference; lastKnownFileType = file.storyboard; name = Base; path = Base.lproj/Main.storyboard; sourceTree = "<group>"; };
		AC4145012AFAF3D7007D6EED /* Assets.xcassets */ = {isa = PBXFileReference; lastKnownFileType = folder.assetcatalog; path = Assets.xcassets; sourceTree = "<group>"; };
		AC4145042AFAF3D7007D6EED /* Base */ = {isa = PBXFileReference; lastKnownFileType = file.storyboard; name = Base; path = Base.lproj/LaunchScreen.storyboard; sourceTree = "<group>"; };
		AC4145062AFAF3D7007D6EED /* Info.plist */ = {isa = PBXFileReference; lastKnownFileType = text.plist.xml; path = Info.plist; sourceTree = "<group>"; };
		AC4145112AFB0898007D6EED /* WebKit.framework */ = {isa = PBXFileReference; lastKnownFileType = wrapper.framework; name = WebKit.framework; path = System/Library/Frameworks/WebKit.framework; sourceTree = SDKROOT; };
		AC4145132AFB0C0F007D6EED /* WebViewController.swift */ = {isa = PBXFileReference; lastKnownFileType = sourcecode.swift; path = WebViewController.swift; sourceTree = "<group>"; };
/* End PBXFileReference section */

/* Begin PBXFrameworksBuildPhase section */
		AC4144F22AFAF3D4007D6EED /* Frameworks */ = {
			isa = PBXFrameworksBuildPhase;
			buildActionMask = 2147483647;
			files = (
				AC4145122AFB0899007D6EED /* WebKit.framework in Frameworks */,
			);
			runOnlyForDeploymentPostprocessing = 0;
		};
/* End PBXFrameworksBuildPhase section */

/* Begin PBXGroup section */
		AC4144EC2AFAF3D4007D6EED = {
			isa = PBXGroup;
			children = (
				AC4144F72AFAF3D4007D6EED /* Vitor_RM84808 */,
				AC4144F62AFAF3D4007D6EED /* Products */,
				AC4145102AFB0898007D6EED /* Frameworks */,
			);
			sourceTree = "<group>";
		};
		AC4144F62AFAF3D4007D6EED /* Products */ = {
			isa = PBXGroup;
			children = (
				AC4144F52AFAF3D4007D6EED /* Vitor_RM84808.app */,
			);
			name = Products;
			sourceTree = "<group>";
		};
		AC4144F72AFAF3D4007D6EED /* Vitor_RM84808 */ = {
			isa = PBXGroup;
			children = (
				AC4144F82AFAF3D4007D6EED /* AppDelegate.swift */,
				AC4144FA2AFAF3D4007D6EED /* SceneDelegate.swift */,
				AC4144FC2AFAF3D4007D6EED /* ViewController.swift */,
				AC4144FE2AFAF3D5007D6EED /* Main.storyboard */,
				AC4145132AFB0C0F007D6EED /* WebViewController.swift */,
				AC4145012AFAF3D7007D6EED /* Assets.xcassets */,
				AC4145032AFAF3D7007D6EED /* LaunchScreen.storyboard */,
				AC4145062AFAF3D7007D6EED /* Info.plist */,
			);
			path = Vitor_RM84808;
			sourceTree = "<group>";
		};
		AC4145102AFB0898007D6EED /* Frameworks */ = {
			isa = PBXGroup;
			children = (
				AC4145112AFB0898007D6EED /* WebKit.framework */,
			);
			name = Frameworks;
			sourceTree = "<group>";
		};
/* End PBXGroup section */

/* Begin PBXNativeTarget section */
		AC4144F42AFAF3D4007D6EED /* Vitor_RM84808 */ = {
			isa = PBXNativeTarget;
			buildConfigurationList = AC4145092AFAF3D7007D6EED /* Build configuration list for PBXNativeTarget "Vitor_RM84808" */;
			buildPhases = (
				AC4144F12AFAF3D4007D6EED /* Sources */,
				AC4144F22AFAF3D4007D6EED /* Frameworks */,
				AC4144F32AFAF3D4007D6EED /* Resources */,
			);
			buildRules = (
			);
			dependencies = (
			);
			name = Vitor_RM84808;
			productName = Vitor_RM84808;
			productReference = AC4144F52AFAF3D4007D6EED /* Vitor_RM84808.app */;
			productType = "com.apple.product-type.application";
		};
/* End PBXNativeTarget section */

/* Begin PBXProject section */
		AC4144ED2AFAF3D4007D6EED /* Project object */ = {
			isa = PBXProject;
			attributes = {
				BuildIndependentTargetsInParallel = 1;
				LastSwiftUpdateCheck = 1430;
				LastUpgradeCheck = 1430;
				TargetAttributes = {
					AC4144F42AFAF3D4007D6EED = {
						CreatedOnToolsVersion = 14.3.1;
					};
				};
			};
			buildConfigurationList = AC4144F02AFAF3D4007D6EED /* Build configuration list for PBXProject "Vitor_RM84808" */;
			compatibilityVersion = "Xcode 14.0";
			developmentRegion = en;
			hasScannedForEncodings = 0;
			knownRegions = (
				en,
				Base,
			);
			mainGroup = AC4144EC2AFAF3D4007D6EED;
			productRefGroup = AC4144F62AFAF3D4007D6EED /* Products */;
			projectDirPath = "";
			projectRoot = "";
			targets = (
				AC4144F42AFAF3D4007D6EED /* Vitor_RM84808 */,
			);
		};
/* End PBXProject section */

/* Begin PBXResourcesBuildPhase section */
		AC4144F32AFAF3D4007D6EED /* Resources */ = {
			isa = PBXResourcesBuildPhase;
			buildActionMask = 2147483647;
			files = (
				AC4145052AFAF3D7007D6EED /* LaunchScreen.storyboard in Resources */,
				AC4145022AFAF3D7007D6EED /* Assets.xcassets in Resources */,
				AC4145002AFAF3D5007D6EED /* Main.storyboard in Resources */,
			);
			runOnlyForDeploymentPostprocessing = 0;
		};
/* End PBXResourcesBuildPhase section */

/* Begin PBXSourcesBuildPhase section */
		AC4144F12AFAF3D4007D6EED /* Sources */ = {
			isa = PBXSourcesBuildPhase;
			buildActionMask = 2147483647;
			files = (
				AC4144FD2AFAF3D4007D6EED /* ViewController.swift in Sources */,
				AC4144F92AFAF3D4007D6EED /* AppDelegate.swift in Sources */,
				AC4145142AFB0C0F007D6EED /* WebViewController.swift in Sources */,
				AC4144FB2AFAF3D4007D6EED /* SceneDelegate.swift in Sources */,
			);
			runOnlyForDeploymentPostprocessing = 0;
		};
/* End PBXSourcesBuildPhase section */

/* Begin PBXVariantGroup section */
		AC4144FE2AFAF3D5007D6EED /* Main.storyboard */ = {
			isa = PBXVariantGroup;
			children = (
				AC4144FF2AFAF3D5007D6EED /* Base */,
			);
			name = Main.storyboard;
			sourceTree = "<group>";
		};
		AC4145032AFAF3D7007D6EED /* LaunchScreen.storyboard */ = {
			isa = PBXVariantGroup;
			children = (
				AC4145042AFAF3D7007D6EED /* Base */,
			);
			name = LaunchScreen.storyboard;
			sourceTree = "<group>";
		};
/* End PBXVariantGroup section */

/* Begin XCBuildConfiguration section */
		AC4145072AFAF3D7007D6EED /* Debug */ = {
			isa = XCBuildConfiguration;
			buildSettings = {
				ALWAYS_SEARCH_USER_PATHS = NO;
				CLANG_ANALYZER_NONNULL = YES;
				CLANG_ANALYZER_NUMBER_OBJECT_CONVERSION = YES_AGGRESSIVE;
				CLANG_CXX_LANGUAGE_STANDARD = "gnu++20";
				CLANG_ENABLE_MODULES = YES;
				CLANG_ENABLE_OBJC_ARC = YES;
				CLANG_ENABLE_OBJC_WEAK = YES;
				CLANG_WARN_BLOCK_CAPTURE_AUTORELEASING = YES;
				CLANG_WARN_BOOL_CONVERSION = YES;
				CLANG_WARN_COMMA = YES;
				CLANG_WARN_CONSTANT_CONVERSION = YES;
				CLANG_WARN_DEPRECATED_OBJC_IMPLEMENTATIONS = YES;
				CLANG_WARN_DIRECT_OBJC_ISA_USAGE = YES_ERROR;
				CLANG_WARN_DOCUMENTATION_COMMENTS = YES;
				CLANG_WARN_EMPTY_BODY = YES;
				CLANG_WARN_ENUM_CONVERSION = YES;
				CLANG_WARN_INFINITE_RECURSION = YES;
				CLANG_WARN_INT_CONVERSION = YES;
				CLANG_WARN_NON_LITERAL_NULL_CONVERSION = YES;
				CLANG_WARN_OBJC_IMPLICIT_RETAIN_SELF = YES;
				CLANG_WARN_OBJC_LITERAL_CONVERSION = YES;
				CLANG_WARN_OBJC_ROOT_CLASS = YES_ERROR;
				CLANG_WARN_QUOTED_INCLUDE_IN_FRAMEWORK_HEADER = YES;
				CLANG_WARN_RANGE_LOOP_ANALYSIS = YES;
				CLANG_WARN_STRICT_PROTOTYPES = YES;
				CLANG_WARN_SUSPICIOUS_MOVE = YES;
				CLANG_WARN_UNGUARDED_AVAILABILITY = YES_AGGRESSIVE;
				CLANG_WARN_UNREACHABLE_CODE = YES;
				CLANG_WARN__DUPLICATE_METHOD_MATCH = YES;
				COPY_PHASE_STRIP = NO;
				DEBUG_INFORMATION_FORMAT = dwarf;
				ENABLE_STRICT_OBJC_MSGSEND = YES;
				ENABLE_TESTABILITY = YES;
				GCC_C_LANGUAGE_STANDARD = gnu11;
				GCC_DYNAMIC_NO_PIC = NO;
				GCC_NO_COMMON_BLOCKS = YES;
				GCC_OPTIMIZATION_LEVEL = 0;
				GCC_PREPROCESSOR_DEFINITIONS = (
					"DEBUG=1",
					"$(inherited)",
				);
				GCC_WARN_64_TO_32_BIT_CONVERSION = YES;
				GCC_WARN_ABOUT_RETURN_TYPE = YES_ERROR;
				GCC_WARN_UNDECLARED_SELECTOR = YES;
				GCC_WARN_UNINITIALIZED_AUTOS = YES_AGGRESSIVE;
				GCC_WARN_UNUSED_FUNCTION = YES;
				GCC_WARN_UNUSED_VARIABLE = YES;
				IPHONEOS_DEPLOYMENT_TARGET = 16.4;
				MTL_ENABLE_DEBUG_INFO = INCLUDE_SOURCE;
				MTL_FAST_MATH = YES;
				ONLY_ACTIVE_ARCH = YES;
				SDKROOT = iphoneos;
				SWIFT_ACTIVE_COMPILATION_CONDITIONS = DEBUG;
				SWIFT_OPTIMIZATION_LEVEL = "-Onone";
			};
			name = Debug;
		};
		AC4145082AFAF3D7007D6EED /* Release */ = {
			isa = XCBuildConfiguration;
			buildSettings = {
				ALWAYS_SEARCH_USER_PATHS = NO;
				CLANG_ANALYZER_NONNULL = YES;
				CLANG_ANALYZER_NUMBER_OBJECT_CONVERSION = YES_AGGRESSIVE;
				CLANG_CXX_LANGUAGE_STANDARD = "gnu++20";
				CLANG_ENABLE_MODULES = YES;
				CLANG_ENABLE_OBJC_ARC = YES;
				CLANG_ENABLE_OBJC_WEAK = YES;
				CLANG_WARN_BLOCK_CAPTURE_AUTORELEASING = YES;
				CLANG_WARN_BOOL_CONVERSION = YES;
				CLANG_WARN_COMMA = YES;
				CLANG_WARN_CONSTANT_CONVERSION = YES;
				CLANG_WARN_DEPRECATED_OBJC_IMPLEMENTATIONS = YES;
				CLANG_WARN_DIRECT_OBJC_ISA_USAGE = YES_ERROR;
				CLANG_WARN_DOCUMENTATION_COMMENTS = YES;
				CLANG_WARN_EMPTY_BODY = YES;
				CLANG_WARN_ENUM_CONVERSION = YES;
				CLANG_WARN_INFINITE_RECURSION = YES;
				CLANG_WARN_INT_CONVERSION = YES;
				CLANG_WARN_NON_LITERAL_NULL_CONVERSION = YES;
				CLANG_WARN_OBJC_IMPLICIT_RETAIN_SELF = YES;
				CLANG_WARN_OBJC_LITERAL_CONVERSION = YES;
				CLANG_WARN_OBJC_ROOT_CLASS = YES_ERROR;
				CLANG_WARN_QUOTED_INCLUDE_IN_FRAMEWORK_HEADER = YES;
				CLANG_WARN_RANGE_LOOP_ANALYSIS = YES;
				CLANG_WARN_STRICT_PROTOTYPES = YES;
				CLANG_WARN_SUSPICIOUS_MOVE = YES;
				CLANG_WARN_UNGUARDED_AVAILABILITY = YES_AGGRESSIVE;
				CLANG_WARN_UNREACHABLE_CODE = YES;
				CLANG_WARN__DUPLICATE_METHOD_MATCH = YES;
				COPY_PHASE_STRIP = NO;
				DEBUG_INFORMATION_FORMAT = "dwarf-with-dsym";
				ENABLE_NS_ASSERTIONS = NO;
				ENABLE_STRICT_OBJC_MSGSEND = YES;
				GCC_C_LANGUAGE_STANDARD = gnu11;
				GCC_NO_COMMON_BLOCKS = YES;
				GCC_WARN_64_TO_32_BIT_CONVERSION = YES;
				GCC_WARN_ABOUT_RETURN_TYPE = YES_ERROR;
				GCC_WARN_UNDECLARED_SELECTOR = YES;
				GCC_WARN_UNINITIALIZED_AUTOS = YES_AGGRESSIVE;
				GCC_WARN_UNUSED_FUNCTION = YES;
				GCC_WARN_UNUSED_VARIABLE = YES;
				IPHONEOS_DEPLOYMENT_TARGET = 16.4;
				MTL_ENABLE_DEBUG_INFO = NO;
				MTL_FAST_MATH = YES;
				SDKROOT = iphoneos;
				SWIFT_COMPILATION_MODE = wholemodule;
				SWIFT_OPTIMIZATION_LEVEL = "-O";
				VALIDATE_PRODUCT = YES;
			};
			name = Release;
		};
		AC41450A2AFAF3D7007D6EED /* Debug */ = {
			isa = XCBuildConfiguration;
			buildSettings = {
				ASSETCATALOG_COMPILER_APPICON_NAME = AppIcon;
				ASSETCATALOG_COMPILER_GLOBAL_ACCENT_COLOR_NAME = AccentColor;
				CODE_SIGN_STYLE = Automatic;
				CURRENT_PROJECT_VERSION = 1;
				GENERATE_INFOPLIST_FILE = YES;
				INFOPLIST_FILE = Vitor_RM84808/Info.plist;
				INFOPLIST_KEY_UIApplicationSupportsIndirectInputEvents = YES;
				INFOPLIST_KEY_UILaunchStoryboardName = LaunchScreen;
				INFOPLIST_KEY_UIMainStoryboardFile = Main;
				INFOPLIST_KEY_UISupportedInterfaceOrientations_iPad = "UIInterfaceOrientationPortrait UIInterfaceOrientationPortraitUpsideDown UIInterfaceOrientationLandscapeLeft UIInterfaceOrientationLandscapeRight";
				INFOPLIST_KEY_UISupportedInterfaceOrientations_iPhone = "UIInterfaceOrientationPortrait UIInterfaceOrientationLandscapeLeft UIInterfaceOrientationLandscapeRight";
				LD_RUNPATH_SEARCH_PATHS = (
					"$(inherited)",
					"@executable_path/Frameworks",
				);
				MARKETING_VERSION = 1.0;
				PRODUCT_BUNDLE_IDENTIFIER = "com.vamvieira.Vitor-RM84808";
				PRODUCT_NAME = "$(TARGET_NAME)";
				SWIFT_EMIT_LOC_STRINGS = YES;
				SWIFT_VERSION = 5.0;
				TARGETED_DEVICE_FAMILY = "1,2";
			};
			name = Debug;
		};
		AC41450B2AFAF3D7007D6EED /* Release */ = {
			isa = XCBuildConfiguration;
			buildSettings = {
				ASSETCATALOG_COMPILER_APPICON_NAME = AppIcon;
				ASSETCATALOG_COMPILER_GLOBAL_ACCENT_COLOR_NAME = AccentColor;
				CODE_SIGN_STYLE = Automatic;
				CURRENT_PROJECT_VERSION = 1;
				GENERATE_INFOPLIST_FILE = YES;
				INFOPLIST_FILE = Vitor_RM84808/Info.plist;
				INFOPLIST_KEY_UIApplicationSupportsIndirectInputEvents = YES;
				INFOPLIST_KEY_UILaunchStoryboardName = LaunchScreen;
				INFOPLIST_KEY_UIMainStoryboardFile = Main;
				INFOPLIST_KEY_UISupportedInterfaceOrientations_iPad = "UIInterfaceOrientationPortrait UIInterfaceOrientationPortraitUpsideDown UIInterfaceOrientationLandscapeLeft UIInterfaceOrientationLandscapeRight";
				INFOPLIST_KEY_UISupportedInterfaceOrientations_iPhone = "UIInterfaceOrientationPortrait UIInterfaceOrientationLandscapeLeft UIInterfaceOrientationLandscapeRight";
				LD_RUNPATH_SEARCH_PATHS = (
					"$(inherited)",
					"@executable_path/Frameworks",
				);
				MARKETING_VERSION = 1.0;
				PRODUCT_BUNDLE_IDENTIFIER = "com.vamvieira.Vitor-RM84808";
				PRODUCT_NAME = "$(TARGET_NAME)";
				SWIFT_EMIT_LOC_STRINGS = YES;
				SWIFT_VERSION = 5.0;
				TARGETED_DEVICE_FAMILY = "1,2";
			};
			name = Release;
		};
/* End XCBuildConfiguration section */

/* Begin XCConfigurationList section */
		AC4144F02AFAF3D4007D6EED /* Build configuration list for PBXProject "Vitor_RM84808" */ = {
			isa = XCConfigurationList;
			buildConfigurations = (
				AC4145072AFAF3D7007D6EED /* Debug */,
				AC4145082AFAF3D7007D6EED /* Release */,
			);
			defaultConfigurationIsVisible = 0;
			defaultConfigurationName = Release;
		};
		AC4145092AFAF3D7007D6EED /* Build configuration list for PBXNativeTarget "Vitor_RM84808" */ = {
			isa = XCConfigurationList;
			buildConfigurations = (
				AC41450A2AFAF3D7007D6EED /* Debug */,
				AC41450B2AFAF3D7007D6EED /* Release */,
			);
			defaultConfigurationIsVisible = 0;
			defaultConfigurationName = Release;
		};
/* End XCConfigurationList section */
	};
	rootObject = AC4144ED2AFAF3D4007D6EED /* Project object */;
}
